<?xml version="1.0" encoding="UTF-8"?>
<Project ToolsVersion="12.0" xmlns="http://schemas.microsoft.com/developer/msbuild/2003">
  <ItemGroup>
    <ClCompile Include="E:\Computer Graphics\ME_557_Project\main_ME557_project.cpp">
      <Filter>Source Files</Filter>
    </ClCompile>
    <ClCompile Include="E:\Computer Graphics\ME_557_Project\gl_common\Sphere3D.cpp">
      <Filter>Source Files</Filter>
    </ClCompile>
    <ClCompile Include="E:\Computer Graphics\ME_557_Project\gl_common\HCI557Common.cpp">
      <Filter>Source Files</Filter>
    </ClCompile>
    <ClCompile Include="E:\Computer Graphics\ME_557_Project\gl_common\controls.cpp">
      <Filter>Source Files</Filter>
    </ClCompile>
    <ClCompile Include="E:\Computer Graphics\ME_557_Project\gl_common\CoordSystem.cpp">
      <Filter>Source Files</Filter>
    </ClCompile>
    <ClCompile Include="E:\Computer Graphics\ME_557_Project\gl_common\GLObject.cpp">
      <Filter>Source Files</Filter>
    </ClCompile>
    <ClCompile Include="E:\Computer Graphics\ME_557_Project\gl_common\GLSphere.cpp">
      <Filter>Source Files</Filter>
    </ClCompile>
    <ClCompile Include="E:\Computer Graphics\ME_557_Project\gl_common\Shaders.cpp">
      <Filter>Source Files</Filter>
    </ClCompile>
    <ClCompile Include="E:\Computer Graphics\ME_557_Project\gl_common\GLAppearance.cpp">
      <Filter>Source Files</Filter>
    </ClCompile>
    <ClCompile Include="E:\Computer Graphics\ME_557_Project\gl_common\camera.cpp">
      <Filter>Source Files</Filter>
    </ClCompile>
    <ClCompile Include="E:\Computer Graphics\ME_557_Project\gl_common\GLObjectObj.cpp">
      <Filter>Source Files</Filter>
    </ClCompile>
    <ClCompile Include="E:\Computer Graphics\ME_557_Project\gl_common\Plane3D.cpp">
      <Filter>Source Files</Filter>
    </ClCompile>
    <ClCompile Include="E:\Computer Graphics\ME_557_Project\gl_common\Texture.cpp">
      <Filter>Source Files</Filter>
    </ClCompile>
  </ItemGroup>
  <ItemGroup>
    <ClInclude Include="E:\Computer Graphics\ME_557_Project\gl_common\Sphere3D.h">
      <Filter>Header Files</Filter>
    </ClInclude>
    <ClInclude Include="E:\Computer Graphics\ME_557_Project\gl_common\HCI557Common.h">
      <Filter>Header Files</Filter>
    </ClInclude>
    <ClInclude Include="E:\Computer Graphics\ME_557_Project\gl_common\controls.h">
      <Filter>Header Files</Filter>
    </ClInclude>
    <ClInclude Include="E:\Computer Graphics\ME_557_Project\gl_common\CoordSystem.h">
      <Filter>Header Files</Filter>
    </ClInclude>
    <ClInclude Include="E:\Computer Graphics\ME_557_Project\gl_common\GLObject.h">
      <Filter>Header Files</Filter>
    </ClInclude>
    <ClInclude Include="E:\Computer Graphics\ME_557_Project\gl_common\GLSphere.h">
      <Filter>Header Files</Filter>
    </ClInclude>
    <ClInclude Include="E:\Computer Graphics\ME_557_Project\gl_common\Shaders.h">
      <Filter>Header Files</Filter>
    </ClInclude>
    <ClInclude Include="E:\Computer Graphics\ME_557_Project\gl_common\HCI557Datatypes.h">
      <Filter>Header Files</Filter>
    </ClInclude>
    <ClInclude Include="E:\Computer Graphics\ME_557_Project\gl_common\GLAppearanceBase.h">
      <Filter>Header Files</Filter>
    </ClInclude>
    <ClInclude Include="E:\Computer Graphics\ME_557_Project\gl_common\GLAppearance.h">
      <Filter>Header Files</Filter>
    </ClInclude>
    <ClInclude Include="E:\Computer Graphics\ME_557_Project\gl_common\camera.h">
      <Filter>Header Files</Filter>
    </ClInclude>
    <ClInclude Include="E:\Computer Graphics\ME_557_Project\gl_common\GLObjectObj.h">
      <Filter>Header Files</Filter>
    </ClInclude>
    <ClInclude Include="E:\Computer Graphics\ME_557_Project\gl_common\Plane3D.h">
      <Filter>Header Files</Filter>
    </ClInclude>
    <ClInclude Include="E:\Computer Graphics\ME_557_Project\gl_common\Texture.h">
      <Filter>Header Files</Filter>
    </ClInclude>
  </ItemGroup>
  <ItemGroup>
    <CustomBuild Include="E:\Computer Graphics\ME_557_Project\CMakeLists.txt" />
  </ItemGroup>
  <ItemGroup>
    <Filter Include="Source Files">
      <UniqueIdentifier>{C69772D9-D8BC-3968-80F1-0843D43EE6F5}</UniqueIdentifier>
    </Filter>
    <Filter Include="Header Files">
      <UniqueIdentifier>{B847053C-B00A-3799-9794-7B9919547251}</UniqueIdentifier>
    </Filter>
  </ItemGroup>
</Project>
